
Microsoft Visual Studio Solution File, Format Version 12.00
# Visual Studio Version 16
VisualStudioVersion = 16.0.33328.57
MinimumVisualStudioVersion = 10.0.40219.1
Project("{FAE04EC0-301F-11D3-BF4B-00C04F79EFBC}") = "BasicClass", "BasicClass\BasicClass.csproj", "{5809AE38-D916-4043-8484-DE1F0E081965}"
EndProject
Project("{FAE04EC0-301F-11D3-BF4B-00C04F79EFBC}") = "Constructor", "Constructor\Constructor.csproj", "{D48768D6-3E4E-40A8-9759-0D3FA1974AEF}"
EndProject
Project("{FAE04EC0-301F-11D3-BF4B-00C04F79EFBC}") = "StaticField", "Global\StaticField.csproj", "{F61C2BAB-408F-4F41-BFEC-924C667E17E0}"
EndProject
Project("{FAE04EC0-301F-11D3-BF4B-00C04F79EFBC}") = "This", "This\This.csproj", "{9E62EA44-C5A9-43A4-98AD-25F4CB1ECE19}"
EndProject
Project("{FAE04EC0-301F-11D3-BF4B-00C04F79EFBC}") = "AccessModifier", "AccessModifier\AccessModifier.csproj", "{3D0F8512-3CF4-4CA7-8237-E1EF908D0C45}"
EndProject
Project("{FAE04EC0-301F-11D3-BF4B-00C04F79EFBC}") = "Inheritance", "Inheritance\Inheritance.csproj", "{5B79BE3E-2039-4ADD-A3E9-8CA006F7CF9D}"
EndProject
Project("{FAE04EC0-301F-11D3-BF4B-00C04F79EFBC}") = "Overriding", "Overriding\Overriding.csproj", "{E98B70B0-6FF7-4310-A893-B974D5E4C5EF}"
EndProject
Global
	GlobalSection(SolutionConfigurationPlatforms) = preSolution
		Debug|Any CPU = Debug|Any CPU
		Release|Any CPU = Release|Any CPU
	EndGlobalSection
	GlobalSection(ProjectConfigurationPlatforms) = postSolution
		{5809AE38-D916-4043-8484-DE1F0E081965}.Debug|Any CPU.ActiveCfg = Debug|Any CPU
		{5809AE38-D916-4043-8484-DE1F0E081965}.Debug|Any CPU.Build.0 = Debug|Any CPU
		{5809AE38-D916-4043-8484-DE1F0E081965}.Release|Any CPU.ActiveCfg = Release|Any CPU
		{5809AE38-D916-4043-8484-DE1F0E081965}.Release|Any CPU.Build.0 = Release|Any CPU
		{D48768D6-3E4E-40A8-9759-0D3FA1974AEF}.Debug|Any CPU.ActiveCfg = Debug|Any CPU
		{D48768D6-3E4E-40A8-9759-0D3FA1974AEF}.Debug|Any CPU.Build.0 = Debug|Any CPU
		{D48768D6-3E4E-40A8-9759-0D3FA1974AEF}.Release|Any CPU.ActiveCfg = Release|Any CPU
		{D48768D6-3E4E-40A8-9759-0D3FA1974AEF}.Release|Any CPU.Build.0 = Release|Any CPU
		{F61C2BAB-408F-4F41-BFEC-924C667E17E0}.Debug|Any CPU.ActiveCfg = Debug|Any CPU
		{F61C2BAB-408F-4F41-BFEC-924C667E17E0}.Debug|Any CPU.Build.0 = Debug|Any CPU
		{F61C2BAB-408F-4F41-BFEC-924C667E17E0}.Release|Any CPU.ActiveCfg = Release|Any CPU
		{F61C2BAB-408F-4F41-BFEC-924C667E17E0}.Release|Any CPU.Build.0 = Release|Any CPU
		{9E62EA44-C5A9-43A4-98AD-25F4CB1ECE19}.Debug|Any CPU.ActiveCfg = Debug|Any CPU
		{9E62EA44-C5A9-43A4-98AD-25F4CB1ECE19}.Debug|Any CPU.Build.0 = Debug|Any CPU
		{9E62EA44-C5A9-43A4-98AD-25F4CB1ECE19}.Release|Any CPU.ActiveCfg = Release|Any CPU
		{9E62EA44-C5A9-43A4-98AD-25F4CB1ECE19}.Release|Any CPU.Build.0 = Release|Any CPU
		{3D0F8512-3CF4-4CA7-8237-E1EF908D0C45}.Debug|Any CPU.ActiveCfg = Debug|Any CPU
		{3D0F8512-3CF4-4CA7-8237-E1EF908D0C45}.Debug|Any CPU.Build.0 = Debug|Any CPU
		{3D0F8512-3CF4-4CA7-8237-E1EF908D0C45}.Release|Any CPU.ActiveCfg = Release|Any CPU
		{3D0F8512-3CF4-4CA7-8237-E1EF908D0C45}.Release|Any CPU.Build.0 = Release|Any CPU
		{5B79BE3E-2039-4ADD-A3E9-8CA006F7CF9D}.Debug|Any CPU.ActiveCfg = Debug|Any CPU
		{5B79BE3E-2039-4ADD-A3E9-8CA006F7CF9D}.Debug|Any CPU.Build.0 = Debug|Any CPU
		{5B79BE3E-2039-4ADD-A3E9-8CA006F7CF9D}.Release|Any CPU.ActiveCfg = Release|Any CPU
		{5B79BE3E-2039-4ADD-A3E9-8CA006F7CF9D}.Release|Any CPU.Build.0 = Release|Any CPU
		{E98B70B0-6FF7-4310-A893-B974D5E4C5EF}.Debug|Any CPU.ActiveCfg = Debug|Any CPU
		{E98B70B0-6FF7-4310-A893-B974D5E4C5EF}.Debug|Any CPU.Build.0 = Debug|Any CPU
		{E98B70B0-6FF7-4310-A893-B974D5E4C5EF}.Release|Any CPU.ActiveCfg = Release|Any CPU
		{E98B70B0-6FF7-4310-A893-B974D5E4C5EF}.Release|Any CPU.Build.0 = Release|Any CPU
	EndGlobalSection
	GlobalSection(SolutionProperties) = preSolution
		HideSolutionNode = FALSE
	EndGlobalSection
	GlobalSection(ExtensibilityGlobals) = postSolution
		SolutionGuid = {C0500393-50BA-4828-8B19-0E028043BBE5}
	EndGlobalSection
EndGlobal
